
Microsoft Visual Studio Solution File, Format Version 11.00
# Visual Studio Version 17

Project("{8BC9CEB8-8B4A-11D0-8D11-00A0C91BC942}") = "RealGain - Standalone Plugin", "RealGain_StandalonePlugin.vcxproj", "{1EC6C05B-6415-FE33-B3D3-8822A77788F7}"
	ProjectSection(ProjectDependencies) = postProject
		{C2600BF9-864C-F967-FA73-8C5B674849F3} = {C2600BF9-864C-F967-FA73-8C5B674849F3}
	EndProjectSection
EndProject
Project("{8BC9CEB8-8B4A-11D0-8D11-00A0C91BC942}") = "RealGain - VST3", "RealGain_VST3.vcxproj", "{9042BBE8-3805-BAD2-17DB-2DF7A594701F}"
	ProjectSection(ProjectDependencies) = postProject
		{C2600BF9-864C-F967-FA73-8C5B674849F3} = {C2600BF9-864C-F967-FA73-8C5B674849F3}
	EndProjectSection
EndProject
Project("{8BC9CEB8-8B4A-11D0-8D11-00A0C91BC942}") = "RealGain - Shared Code", "RealGain_SharedCode.vcxproj", "{C2600BF9-864C-F967-FA73-8C5B674849F3}"
EndProject
Global
	GlobalSection(SolutionConfigurationPlatforms) = preSolution
		Debug|x64 = Debug|x64
		Release|x64 = Release|x64
	EndGlobalSection
	GlobalSection(ProjectConfigurationPlatforms) = postSolution
		{9042BBE8-3805-BAD2-17DB-2DF7A594701F}.Debug|x64.ActiveCfg = Debug|x64
		{9042BBE8-3805-BAD2-17DB-2DF7A594701F}.Debug|x64.Build.0 = Debug|x64
		{9042BBE8-3805-BAD2-17DB-2DF7A594701F}.Release|x64.ActiveCfg = Release|x64
		{9042BBE8-3805-BAD2-17DB-2DF7A594701F}.Release|x64.Build.0 = Release|x64
		{1EC6C05B-6415-FE33-B3D3-8822A77788F7}.Debug|x64.ActiveCfg = Debug|x64
		{1EC6C05B-6415-FE33-B3D3-8822A77788F7}.Debug|x64.Build.0 = Debug|x64
		{1EC6C05B-6415-FE33-B3D3-8822A77788F7}.Release|x64.ActiveCfg = Release|x64
		{1EC6C05B-6415-FE33-B3D3-8822A77788F7}.Release|x64.Build.0 = Release|x64
		{C2600BF9-864C-F967-FA73-8C5B674849F3}.Debug|x64.ActiveCfg = Debug|x64
		{C2600BF9-864C-F967-FA73-8C5B674849F3}.Debug|x64.Build.0 = Debug|x64
		{C2600BF9-864C-F967-FA73-8C5B674849F3}.Release|x64.ActiveCfg = Release|x64
		{C2600BF9-864C-F967-FA73-8C5B674849F3}.Release|x64.Build.0 = Release|x64
	EndGlobalSection
	GlobalSection(SolutionProperties) = preSolution
		HideSolutionNode = FALSE
	EndGlobalSection
EndGlobal
